
Microsoft Visual Studio Solution File, Format Version 12.00
# Visual Studio 15
VisualStudioVersion = 15.0.26124.0
MinimumVisualStudioVersion = 15.0.26124.0
Project("{4a011575-50d8-41a1-af12-347e5d90822a}") = "Nervestaple.EntityFrameworkCore", "src\Nervestaple.EntityFrameworkCore.csproj", "{8FCF202C-BAA4-4217-AA3B-28728572FA38}"
EndProject
Project("{4a011575-50d8-41a1-af12-347e5d90822a}") = "test", "test\test.csproj", "{491507F4-78F3-4838-9E5B-6DED244B7F92}"
EndProject
Global
	GlobalSection(SolutionConfigurationPlatforms) = preSolution
		Debug|Any CPU = Debug|Any CPU
		Debug|x64 = Debug|x64
		Debug|x86 = Debug|x86
		Release|Any CPU = Release|Any CPU
		Release|x64 = Release|x64
		Release|x86 = Release|x86
	EndGlobalSection
	GlobalSection(SolutionProperties) = preSolution
		HideSolutionNode = FALSE
	EndGlobalSection
	GlobalSection(ProjectConfigurationPlatforms) = postSolution
		{8FCF202C-BAA4-4217-AA3B-28728572FA38}.Debug|Any CPU.ActiveCfg = Debug|Any CPU
		{8FCF202C-BAA4-4217-AA3B-28728572FA38}.Debug|Any CPU.Build.0 = Debug|Any CPU
		{8FCF202C-BAA4-4217-AA3B-28728572FA38}.Debug|x64.ActiveCfg = Debug|Any CPU
		{8FCF202C-BAA4-4217-AA3B-28728572FA38}.Debug|x64.Build.0 = Debug|Any CPU
		{8FCF202C-BAA4-4217-AA3B-28728572FA38}.Debug|x86.ActiveCfg = Debug|Any CPU
		{8FCF202C-BAA4-4217-AA3B-28728572FA38}.Debug|x86.Build.0 = Debug|Any CPU
		{8FCF202C-BAA4-4217-AA3B-28728572FA38}.Release|Any CPU.ActiveCfg = Release|Any CPU
		{8FCF202C-BAA4-4217-AA3B-28728572FA38}.Release|Any CPU.Build.0 = Release|Any CPU
		{8FCF202C-BAA4-4217-AA3B-28728572FA38}.Release|x64.ActiveCfg = Release|Any CPU
		{8FCF202C-BAA4-4217-AA3B-28728572FA38}.Release|x64.Build.0 = Release|Any CPU
		{8FCF202C-BAA4-4217-AA3B-28728572FA38}.Release|x86.ActiveCfg = Release|Any CPU
		{8FCF202C-BAA4-4217-AA3B-28728572FA38}.Release|x86.Build.0 = Release|Any CPU
		{491507F4-78F3-4838-9E5B-6DED244B7F92}.Debug|Any CPU.ActiveCfg = Debug|Any CPU
		{491507F4-78F3-4838-9E5B-6DED244B7F92}.Debug|Any CPU.Build.0 = Debug|Any CPU
		{491507F4-78F3-4838-9E5B-6DED244B7F92}.Debug|x64.ActiveCfg = Debug|Any CPU
		{491507F4-78F3-4838-9E5B-6DED244B7F92}.Debug|x64.Build.0 = Debug|Any CPU
		{491507F4-78F3-4838-9E5B-6DED244B7F92}.Debug|x86.ActiveCfg = Debug|Any CPU
		{491507F4-78F3-4838-9E5B-6DED244B7F92}.Debug|x86.Build.0 = Debug|Any CPU
		{491507F4-78F3-4838-9E5B-6DED244B7F92}.Release|Any CPU.ActiveCfg = Release|Any CPU
		{491507F4-78F3-4838-9E5B-6DED244B7F92}.Release|Any CPU.Build.0 = Release|Any CPU
		{491507F4-78F3-4838-9E5B-6DED244B7F92}.Release|x64.ActiveCfg = Release|Any CPU
		{491507F4-78F3-4838-9E5B-6DED244B7F92}.Release|x64.Build.0 = Release|Any CPU
		{491507F4-78F3-4838-9E5B-6DED244B7F92}.Release|x86.ActiveCfg = Release|Any CPU
		{491507F4-78F3-4838-9E5B-6DED244B7F92}.Release|x86.Build.0 = Release|Any CPU
	EndGlobalSection
EndGlobal
